
Microsoft Visual Studio Solution File, Format Version 12.00
# Visual Studio Express 2012 for Windows Desktop
Project("{FAE04EC0-301F-11D3-BF4B-00C04F79EFBC}") = "GradeBook", "GradeBook\GradeBook.csproj", "{A093BA0E-54AE-41AF-8871-587F2813D039}"
EndProject
Global
	GlobalSection(SolutionConfigurationPlatforms) = preSolution
		Debug|Any CPU = Debug|Any CPU
		Release|Any CPU = Release|Any CPU
	EndGlobalSection
	GlobalSection(ProjectConfigurationPlatforms) = postSolution
		{A093BA0E-54AE-41AF-8871-587F2813D039}.Debug|Any CPU.ActiveCfg = Debug|Any CPU
		{A093BA0E-54AE-41AF-8871-587F2813D039}.Debug|Any CPU.Build.0 = Debug|Any CPU
		{A093BA0E-54AE-41AF-8871-587F2813D039}.Release|Any CPU.ActiveCfg = Release|Any CPU
		{A093BA0E-54AE-41AF-8871-587F2813D039}.Release|Any CPU.Build.0 = Release|Any CPU
	EndGlobalSection
	GlobalSection(SolutionProperties) = preSolution
		HideSolutionNode = FALSE
	EndGlobalSection
EndGlobal
